<Solution>
  <Project Path="MonitoringService/MonitoringService.csproj" />
  <Project Path="ApiGateway/ApiGateway.csproj" />
  <Project Path="AuditLogging/AuditLogging.csproj" />
  <Project Path="IdentityService/IdentityService.csproj" />
  <Project Path="SmartMonitoring.Shared/SmartMonitoring.Shared.csproj" Id="a33d8ec5-b256-4389-a289-11f66163aac5" />
</Solution>
