Microsoft Visual Studio Solution File, Format Version 12.00
# Visual Studio Version 17
VisualStudioVersion = 17.5.2.0
MinimumVisualStudioVersion = 10.0.40219.1
Project("{FAE04EC0-301F-11D3-BF4B-00C04F79EFBC}") = "IdentityService", "IdentityService\IdentityService.csproj", "{A234FC94-AA51-A558-AC74-0D69EA0D971A}"
EndProject
Project("{FAE04EC0-301F-11D3-BF4B-00C04F79EFBC}") = "SmartMonitoring", "SmartMonitoring\SmartMonitoring.csproj", "{E675FCCA-7E08-C484-843B-E422880C446C}"
EndProject
Project("{FAE04EC0-301F-11D3-BF4B-00C04F79EFBC}") = "SmartMonitoring.Shared", "SmartMonitoring.Shared\SmartMonitoring.Shared.csproj", "{E238B539-688F-CB44-22EF-8B5E1EA3E110}"
EndProject
Global
	GlobalSection(SolutionConfigurationPlatforms) = preSolution
		Debug|Any CPU = Debug|Any CPU
		Release|Any CPU = Release|Any CPU
	EndGlobalSection
	GlobalSection(ProjectConfigurationPlatforms) = postSolution
		{A234FC94-AA51-A558-AC74-0D69EA0D971A}.Debug|Any CPU.ActiveCfg = Debug|Any CPU
		{A234FC94-AA51-A558-AC74-0D69EA0D971A}.Debug|Any CPU.Build.0 = Debug|Any CPU
		{A234FC94-AA51-A558-AC74-0D69EA0D971A}.Release|Any CPU.ActiveCfg = Release|Any CPU
		{A234FC94-AA51-A558-AC74-0D69EA0D971A}.Release|Any CPU.Build.0 = Release|Any CPU
		{E675FCCA-7E08-C484-843B-E422880C446C}.Debug|Any CPU.ActiveCfg = Debug|Any CPU
		{E675FCCA-7E08-C484-843B-E422880C446C}.Debug|Any CPU.Build.0 = Debug|Any CPU
		{E675FCCA-7E08-C484-843B-E422880C446C}.Release|Any CPU.ActiveCfg = Release|Any CPU
		{E675FCCA-7E08-C484-843B-E422880C446C}.Release|Any CPU.Build.0 = Release|Any CPU
		{E238B539-688F-CB44-22EF-8B5E1EA3E110}.Debug|Any CPU.ActiveCfg = Debug|Any CPU
		{E238B539-688F-CB44-22EF-8B5E1EA3E110}.Debug|Any CPU.Build.0 = Debug|Any CPU
		{E238B539-688F-CB44-22EF-8B5E1EA3E110}.Release|Any CPU.ActiveCfg = Release|Any CPU
		{E238B539-688F-CB44-22EF-8B5E1EA3E110}.Release|Any CPU.Build.0 = Release|Any CPU
	EndGlobalSection
	GlobalSection(SolutionProperties) = preSolution
		HideSolutionNode = FALSE
	EndGlobalSection
	GlobalSection(ExtensibilityGlobals) = postSolution
		SolutionGuid = {0226110C-C8B1-4ED2-95ED-887D18005A91}
	EndGlobalSection
EndGlobal
